
Microsoft Visual Studio Solution File, Format Version 12.00
# Visual Studio Version 17
VisualStudioVersion = 17.7.34031.279
MinimumVisualStudioVersion = 10.0.40219.1
Project("{8BC9CEB8-8B4A-11D0-8D11-00A0C91BC942}") = "EdProgs", "EdProgs.vcxproj", "{F49E67BE-6A40-4E11-89B1-33696BD6508D}"
EndProject
Global
	GlobalSection(SolutionConfigurationPlatforms) = preSolution
		Debug|x64 = Debug|x64
		Debug|x86 = Debug|x86
		Release|x64 = Release|x64
		Release|x86 = Release|x86
	EndGlobalSection
	GlobalSection(ProjectConfigurationPlatforms) = postSolution
		{F49E67BE-6A40-4E11-89B1-33696BD6508D}.Debug|x64.ActiveCfg = Debug|x64
		{F49E67BE-6A40-4E11-89B1-33696BD6508D}.Debug|x64.Build.0 = Debug|x64
		{F49E67BE-6A40-4E11-89B1-33696BD6508D}.Debug|x86.ActiveCfg = Debug|Win32
		{F49E67BE-6A40-4E11-89B1-33696BD6508D}.Debug|x86.Build.0 = Debug|Win32
		{F49E67BE-6A40-4E11-89B1-33696BD6508D}.Release|x64.ActiveCfg = Release|x64
		{F49E67BE-6A40-4E11-89B1-33696BD6508D}.Release|x64.Build.0 = Release|x64
		{F49E67BE-6A40-4E11-89B1-33696BD6508D}.Release|x86.ActiveCfg = Release|Win32
		{F49E67BE-6A40-4E11-89B1-33696BD6508D}.Release|x86.Build.0 = Release|Win32
	EndGlobalSection
	GlobalSection(SolutionProperties) = preSolution
		HideSolutionNode = FALSE
	EndGlobalSection
	GlobalSection(ExtensibilityGlobals) = postSolution
		SolutionGuid = {624AB53C-9DC1-4B25-BF70-B5B2963BA8E0}
	EndGlobalSection
EndGlobal
